// !$*UTF8*$!
{
	archiveVersion = 1;
	classes = {
	};
	objectVersion = 56;
	objects = {

/* Begin PBXBuildFile section */
		30F2FC4523739C849FB371D6 /* Pods_Cuong_NotesTests.framework in Frameworks */ = {isa = PBXBuildFile; fileRef = 8E20ACBE2F2D46D1B8AB4006 /* Pods_Cuong_NotesTests.framework */; };
		3470FF0EE7FD80CC40B4A7E2 /* Pods_Cuong_Notes_Cuong_NotesUITests.framework in Frameworks */ = {isa = PBXBuildFile; fileRef = 727C6B68BADEF1747A3C8A9E /* Pods_Cuong_Notes_Cuong_NotesUITests.framework */; };
		4A3DA27845C2616DC7499FFE /* Pods_Cuong_Notes.framework in Frameworks */ = {isa = PBXBuildFile; fileRef = A0275B24C88F0B5FCE58B9D6 /* Pods_Cuong_Notes.framework */; };
		FA6C72532B46600800FF1BE2 /* GoogleService-Info.plist in Resources */ = {isa = PBXBuildFile; fileRef = FA6C72522B46600800FF1BE2 /* GoogleService-Info.plist */; };
		FA6C72552B46618400FF1BE2 /* FirebaseUserReposity.swift in Sources */ = {isa = PBXBuildFile; fileRef = FA6C72542B46618400FF1BE2 /* FirebaseUserReposity.swift */; };
		FA6C72582B4662C300FF1BE2 /* UserFirebaseEndpoint.swift in Sources */ = {isa = PBXBuildFile; fileRef = FA6C72572B4662C300FF1BE2 /* UserFirebaseEndpoint.swift */; };
		FA6C725A2B4668E000FF1BE2 /* RegisterUserUseCase.swift in Sources */ = {isa = PBXBuildFile; fileRef = FA6C72592B4668E000FF1BE2 /* RegisterUserUseCase.swift */; };
		FA6C725E2B467B9200FF1BE2 /* UserListNodeView.swift in Sources */ = {isa = PBXBuildFile; fileRef = FA6C725D2B467B9200FF1BE2 /* UserListNodeView.swift */; };
		FA6C72612B469BC000FF1BE2 /* ActivityIndicatorView.swift in Sources */ = {isa = PBXBuildFile; fileRef = FA6C72602B469BC000FF1BE2 /* ActivityIndicatorView.swift */; };
		FA6C726A2B46ABD100FF1BE2 /* AppState.swift in Sources */ = {isa = PBXBuildFile; fileRef = FA6C72692B46ABD100FF1BE2 /* AppState.swift */; };
		FA71DD362B44FAF8001AF3A4 /* Cuong_NotesApp.swift in Sources */ = {isa = PBXBuildFile; fileRef = FA71DD352B44FAF8001AF3A4 /* Cuong_NotesApp.swift */; };
		FA71DD382B44FAF8001AF3A4 /* ContentView.swift in Sources */ = {isa = PBXBuildFile; fileRef = FA71DD372B44FAF8001AF3A4 /* ContentView.swift */; };
		FA71DD3A2B44FAF9001AF3A4 /* Assets.xcassets in Resources */ = {isa = PBXBuildFile; fileRef = FA71DD392B44FAF9001AF3A4 /* Assets.xcassets */; };
		FA71DD3E2B44FAF9001AF3A4 /* Preview Assets.xcassets in Resources */ = {isa = PBXBuildFile; fileRef = FA71DD3D2B44FAF9001AF3A4 /* Preview Assets.xcassets */; };
		FA71DD482B44FAF9001AF3A4 /* Cuong_NotesTests.swift in Sources */ = {isa = PBXBuildFile; fileRef = FA71DD472B44FAF9001AF3A4 /* Cuong_NotesTests.swift */; };
		FA71DD522B44FAF9001AF3A4 /* Cuong_NotesUITests.swift in Sources */ = {isa = PBXBuildFile; fileRef = FA71DD512B44FAF9001AF3A4 /* Cuong_NotesUITests.swift */; };
		FA71DD542B44FAF9001AF3A4 /* Cuong_NotesUITestsLaunchTests.swift in Sources */ = {isa = PBXBuildFile; fileRef = FA71DD532B44FAF9001AF3A4 /* Cuong_NotesUITestsLaunchTests.swift */; };
		FA8AACE92B4501E600194106 /* AppDelegate.swift in Sources */ = {isa = PBXBuildFile; fileRef = FA8AACE82B4501E600194106 /* AppDelegate.swift */; };
		FACBC0E22B453B39003E5BF2 /* UserNameView.swift in Sources */ = {isa = PBXBuildFile; fileRef = FACBC0E12B453B39003E5BF2 /* UserNameView.swift */; };
		FACBC0E42B453B40003E5BF2 /* UserNameViewModel.swift in Sources */ = {isa = PBXBuildFile; fileRef = FACBC0E32B453B40003E5BF2 /* UserNameViewModel.swift */; };
		FACBC0E72B453D1B003E5BF2 /* Color+Ext.swift in Sources */ = {isa = PBXBuildFile; fileRef = FACBC0E62B453D1B003E5BF2 /* Color+Ext.swift */; };
		FACBC0E92B453DE6003E5BF2 /* View+Ext.swift in Sources */ = {isa = PBXBuildFile; fileRef = FACBC0E82B453DE6003E5BF2 /* View+Ext.swift */; };
		FACBC0F32B4551E3003E5BF2 /* UserReposity.swift in Sources */ = {isa = PBXBuildFile; fileRef = FACBC0F22B4551E3003E5BF2 /* UserReposity.swift */; };
		FACBC0F72B455541003E5BF2 /* UserModel.swift in Sources */ = {isa = PBXBuildFile; fileRef = FACBC0F62B455541003E5BF2 /* UserModel.swift */; };
		FACBC0F92B4555F2003E5BF2 /* GetUserInfoUseCase.swift in Sources */ = {isa = PBXBuildFile; fileRef = FACBC0F82B4555F2003E5BF2 /* GetUserInfoUseCase.swift */; };
		FACBC0FC2B456845003E5BF2 /* FirebaseDatabaseManager.swift in Sources */ = {isa = PBXBuildFile; fileRef = FACBC0FB2B456845003E5BF2 /* FirebaseDatabaseManager.swift */; };
		FACBC0FE2B4568DB003E5BF2 /* FirebaseDatabaseEndpoint.swift in Sources */ = {isa = PBXBuildFile; fileRef = FACBC0FD2B4568DB003E5BF2 /* FirebaseDatabaseEndpoint.swift */; };
		FACBC1002B459E15003E5BF2 /* NSDictionary+Ext.swift in Sources */ = {isa = PBXBuildFile; fileRef = FACBC0FF2B459E15003E5BF2 /* NSDictionary+Ext.swift */; };
		FACBC1022B459E5B003E5BF2 /* Encodable+Ext.swift in Sources */ = {isa = PBXBuildFile; fileRef = FACBC1012B459E5B003E5BF2 /* Encodable+Ext.swift */; };
		FACBC1062B459E95003E5BF2 /* NSArray+Ext.swift in Sources */ = {isa = PBXBuildFile; fileRef = FACBC1052B459E95003E5BF2 /* NSArray+Ext.swift */; };
/* End PBXBuildFile section */

/* Begin PBXContainerItemProxy section */
		FA71DD442B44FAF9001AF3A4 /* PBXContainerItemProxy */ = {
			isa = PBXContainerItemProxy;
			containerPortal = FA71DD2A2B44FAF7001AF3A4 /* Project object */;
			proxyType = 1;
			remoteGlobalIDString = FA71DD312B44FAF8001AF3A4;
			remoteInfo = Cuong_Notes;
		};
		FA71DD4E2B44FAF9001AF3A4 /* PBXContainerItemProxy */ = {
			isa = PBXContainerItemProxy;
			containerPortal = FA71DD2A2B44FAF7001AF3A4 /* Project object */;
			proxyType = 1;
			remoteGlobalIDString = FA71DD312B44FAF8001AF3A4;
			remoteInfo = Cuong_Notes;
		};
/* End PBXContainerItemProxy section */

/* Begin PBXFileReference section */
		4A9650AE125AB6EEF6A474CF /* Pods-Cuong_NotesTests.release.xcconfig */ = {isa = PBXFileReference; includeInIndex = 1; lastKnownFileType = text.xcconfig; name = "Pods-Cuong_NotesTests.release.xcconfig"; path = "Target Support Files/Pods-Cuong_NotesTests/Pods-Cuong_NotesTests.release.xcconfig"; sourceTree = "<group>"; };
		727C6B68BADEF1747A3C8A9E /* Pods_Cuong_Notes_Cuong_NotesUITests.framework */ = {isa = PBXFileReference; explicitFileType = wrapper.framework; includeInIndex = 0; path = Pods_Cuong_Notes_Cuong_NotesUITests.framework; sourceTree = BUILT_PRODUCTS_DIR; };
		8E20ACBE2F2D46D1B8AB4006 /* Pods_Cuong_NotesTests.framework */ = {isa = PBXFileReference; explicitFileType = wrapper.framework; includeInIndex = 0; path = Pods_Cuong_NotesTests.framework; sourceTree = BUILT_PRODUCTS_DIR; };
		9AE105A8EAF001A3C17B6AA1 /* Pods-Cuong_Notes-Cuong_NotesUITests.debug.xcconfig */ = {isa = PBXFileReference; includeInIndex = 1; lastKnownFileType = text.xcconfig; name = "Pods-Cuong_Notes-Cuong_NotesUITests.debug.xcconfig"; path = "Target Support Files/Pods-Cuong_Notes-Cuong_NotesUITests/Pods-Cuong_Notes-Cuong_NotesUITests.debug.xcconfig"; sourceTree = "<group>"; };
		A0275B24C88F0B5FCE58B9D6 /* Pods_Cuong_Notes.framework */ = {isa = PBXFileReference; explicitFileType = wrapper.framework; includeInIndex = 0; path = Pods_Cuong_Notes.framework; sourceTree = BUILT_PRODUCTS_DIR; };
		BEE7838794D725D7760A1D9B /* Pods-Cuong_Notes-Cuong_NotesUITests.release.xcconfig */ = {isa = PBXFileReference; includeInIndex = 1; lastKnownFileType = text.xcconfig; name = "Pods-Cuong_Notes-Cuong_NotesUITests.release.xcconfig"; path = "Target Support Files/Pods-Cuong_Notes-Cuong_NotesUITests/Pods-Cuong_Notes-Cuong_NotesUITests.release.xcconfig"; sourceTree = "<group>"; };
		C0C88142A22B5142AF1EF0CB /* Pods-Cuong_NotesTests.debug.xcconfig */ = {isa = PBXFileReference; includeInIndex = 1; lastKnownFileType = text.xcconfig; name = "Pods-Cuong_NotesTests.debug.xcconfig"; path = "Target Support Files/Pods-Cuong_NotesTests/Pods-Cuong_NotesTests.debug.xcconfig"; sourceTree = "<group>"; };
		EA55C9CB0BC33C8B2BD6D669 /* Pods-Cuong_Notes.release.xcconfig */ = {isa = PBXFileReference; includeInIndex = 1; lastKnownFileType = text.xcconfig; name = "Pods-Cuong_Notes.release.xcconfig"; path = "Target Support Files/Pods-Cuong_Notes/Pods-Cuong_Notes.release.xcconfig"; sourceTree = "<group>"; };
		F9BA0E59159084C808E7A3C1 /* Pods-Cuong_Notes.debug.xcconfig */ = {isa = PBXFileReference; includeInIndex = 1; lastKnownFileType = text.xcconfig; name = "Pods-Cuong_Notes.debug.xcconfig"; path = "Target Support Files/Pods-Cuong_Notes/Pods-Cuong_Notes.debug.xcconfig"; sourceTree = "<group>"; };
		FA6C72522B46600800FF1BE2 /* GoogleService-Info.plist */ = {isa = PBXFileReference; fileEncoding = 4; lastKnownFileType = text.plist.xml; name = "GoogleService-Info.plist"; path = "../../../../Downloads/GoogleService-Info.plist"; sourceTree = "<group>"; };
		FA6C72542B46618400FF1BE2 /* FirebaseUserReposity.swift */ = {isa = PBXFileReference; lastKnownFileType = sourcecode.swift; path = FirebaseUserReposity.swift; sourceTree = "<group>"; };
		FA6C72572B4662C300FF1BE2 /* UserFirebaseEndpoint.swift */ = {isa = PBXFileReference; lastKnownFileType = sourcecode.swift; path = UserFirebaseEndpoint.swift; sourceTree = "<group>"; };
		FA6C72592B4668E000FF1BE2 /* RegisterUserUseCase.swift */ = {isa = PBXFileReference; lastKnownFileType = sourcecode.swift; path = RegisterUserUseCase.swift; sourceTree = "<group>"; };
		FA6C725D2B467B9200FF1BE2 /* UserListNodeView.swift */ = {isa = PBXFileReference; lastKnownFileType = sourcecode.swift; path = UserListNodeView.swift; sourceTree = "<group>"; };
		FA6C72602B469BC000FF1BE2 /* ActivityIndicatorView.swift */ = {isa = PBXFileReference; lastKnownFileType = sourcecode.swift; path = ActivityIndicatorView.swift; sourceTree = "<group>"; };
		FA6C72692B46ABD100FF1BE2 /* AppState.swift */ = {isa = PBXFileReference; lastKnownFileType = sourcecode.swift; path = AppState.swift; sourceTree = "<group>"; };
		FA71DD322B44FAF8001AF3A4 /* Cuong_Notes.app */ = {isa = PBXFileReference; explicitFileType = wrapper.application; includeInIndex = 0; path = Cuong_Notes.app; sourceTree = BUILT_PRODUCTS_DIR; };
		FA71DD352B44FAF8001AF3A4 /* Cuong_NotesApp.swift */ = {isa = PBXFileReference; lastKnownFileType = sourcecode.swift; path = Cuong_NotesApp.swift; sourceTree = "<group>"; };
		FA71DD372B44FAF8001AF3A4 /* ContentView.swift */ = {isa = PBXFileReference; lastKnownFileType = sourcecode.swift; path = ContentView.swift; sourceTree = "<group>"; };
		FA71DD392B44FAF9001AF3A4 /* Assets.xcassets */ = {isa = PBXFileReference; lastKnownFileType = folder.assetcatalog; path = Assets.xcassets; sourceTree = "<group>"; };
		FA71DD3B2B44FAF9001AF3A4 /* Cuong_Notes.entitlements */ = {isa = PBXFileReference; lastKnownFileType = text.plist.entitlements; path = Cuong_Notes.entitlements; sourceTree = "<group>"; };
		FA71DD3D2B44FAF9001AF3A4 /* Preview Assets.xcassets */ = {isa = PBXFileReference; lastKnownFileType = folder.assetcatalog; path = "Preview Assets.xcassets"; sourceTree = "<group>"; };
		FA71DD432B44FAF9001AF3A4 /* Cuong_NotesTests.xctest */ = {isa = PBXFileReference; explicitFileType = wrapper.cfbundle; includeInIndex = 0; path = Cuong_NotesTests.xctest; sourceTree = BUILT_PRODUCTS_DIR; };
		FA71DD472B44FAF9001AF3A4 /* Cuong_NotesTests.swift */ = {isa = PBXFileReference; lastKnownFileType = sourcecode.swift; path = Cuong_NotesTests.swift; sourceTree = "<group>"; };
		FA71DD4D2B44FAF9001AF3A4 /* Cuong_NotesUITests.xctest */ = {isa = PBXFileReference; explicitFileType = wrapper.cfbundle; includeInIndex = 0; path = Cuong_NotesUITests.xctest; sourceTree = BUILT_PRODUCTS_DIR; };
		FA71DD512B44FAF9001AF3A4 /* Cuong_NotesUITests.swift */ = {isa = PBXFileReference; lastKnownFileType = sourcecode.swift; path = Cuong_NotesUITests.swift; sourceTree = "<group>"; };
		FA71DD532B44FAF9001AF3A4 /* Cuong_NotesUITestsLaunchTests.swift */ = {isa = PBXFileReference; lastKnownFileType = sourcecode.swift; path = Cuong_NotesUITestsLaunchTests.swift; sourceTree = "<group>"; };
		FA8AACE82B4501E600194106 /* AppDelegate.swift */ = {isa = PBXFileReference; lastKnownFileType = sourcecode.swift; path = AppDelegate.swift; sourceTree = "<group>"; };
		FACBC0E12B453B39003E5BF2 /* UserNameView.swift */ = {isa = PBXFileReference; lastKnownFileType = sourcecode.swift; path = UserNameView.swift; sourceTree = "<group>"; };
		FACBC0E32B453B40003E5BF2 /* UserNameViewModel.swift */ = {isa = PBXFileReference; lastKnownFileType = sourcecode.swift; path = UserNameViewModel.swift; sourceTree = "<group>"; };
		FACBC0E62B453D1B003E5BF2 /* Color+Ext.swift */ = {isa = PBXFileReference; lastKnownFileType = sourcecode.swift; path = "Color+Ext.swift"; sourceTree = "<group>"; };
		FACBC0E82B453DE6003E5BF2 /* View+Ext.swift */ = {isa = PBXFileReference; lastKnownFileType = sourcecode.swift; path = "View+Ext.swift"; sourceTree = "<group>"; };
		FACBC0F22B4551E3003E5BF2 /* UserReposity.swift */ = {isa = PBXFileReference; lastKnownFileType = sourcecode.swift; path = UserReposity.swift; sourceTree = "<group>"; };
		FACBC0F62B455541003E5BF2 /* UserModel.swift */ = {isa = PBXFileReference; lastKnownFileType = sourcecode.swift; path = UserModel.swift; sourceTree = "<group>"; };
		FACBC0F82B4555F2003E5BF2 /* GetUserInfoUseCase.swift */ = {isa = PBXFileReference; lastKnownFileType = sourcecode.swift; path = GetUserInfoUseCase.swift; sourceTree = "<group>"; };
		FACBC0FB2B456845003E5BF2 /* FirebaseDatabaseManager.swift */ = {isa = PBXFileReference; lastKnownFileType = sourcecode.swift; path = FirebaseDatabaseManager.swift; sourceTree = "<group>"; };
		FACBC0FD2B4568DB003E5BF2 /* FirebaseDatabaseEndpoint.swift */ = {isa = PBXFileReference; lastKnownFileType = sourcecode.swift; path = FirebaseDatabaseEndpoint.swift; sourceTree = "<group>"; };
		FACBC0FF2B459E15003E5BF2 /* NSDictionary+Ext.swift */ = {isa = PBXFileReference; lastKnownFileType = sourcecode.swift; path = "NSDictionary+Ext.swift"; sourceTree = "<group>"; };
		FACBC1012B459E5B003E5BF2 /* Encodable+Ext.swift */ = {isa = PBXFileReference; lastKnownFileType = sourcecode.swift; path = "Encodable+Ext.swift"; sourceTree = "<group>"; };
		FACBC1052B459E95003E5BF2 /* NSArray+Ext.swift */ = {isa = PBXFileReference; lastKnownFileType = sourcecode.swift; path = "NSArray+Ext.swift"; sourceTree = "<group>"; };
		FAEFFDBC2B47B9630060F6FD /* Cuong-Notes-Info.plist */ = {isa = PBXFileReference; lastKnownFileType = text.plist; path = "Cuong-Notes-Info.plist"; sourceTree = SOURCE_ROOT; };
/* End PBXFileReference section */

/* Begin PBXFrameworksBuildPhase section */
		FA71DD2F2B44FAF8001AF3A4 /* Frameworks */ = {
			isa = PBXFrameworksBuildPhase;
			buildActionMask = 2147483647;
			files = (
				4A3DA27845C2616DC7499FFE /* Pods_Cuong_Notes.framework in Frameworks */,
			);
			runOnlyForDeploymentPostprocessing = 0;
		};
		FA71DD402B44FAF9001AF3A4 /* Frameworks */ = {
			isa = PBXFrameworksBuildPhase;
			buildActionMask = 2147483647;
			files = (
				30F2FC4523739C849FB371D6 /* Pods_Cuong_NotesTests.framework in Frameworks */,
			);
			runOnlyForDeploymentPostprocessing = 0;
		};
		FA71DD4A2B44FAF9001AF3A4 /* Frameworks */ = {
			isa = PBXFrameworksBuildPhase;
			buildActionMask = 2147483647;
			files = (
				3470FF0EE7FD80CC40B4A7E2 /* Pods_Cuong_Notes_Cuong_NotesUITests.framework in Frameworks */,
			);
			runOnlyForDeploymentPostprocessing = 0;
		};
/* End PBXFrameworksBuildPhase section */

/* Begin PBXGroup section */
		235E9B4C7BE9DE6C836B9DAD /* Pods */ = {
			isa = PBXGroup;
			children = (
				F9BA0E59159084C808E7A3C1 /* Pods-Cuong_Notes.debug.xcconfig */,
				EA55C9CB0BC33C8B2BD6D669 /* Pods-Cuong_Notes.release.xcconfig */,
				9AE105A8EAF001A3C17B6AA1 /* Pods-Cuong_Notes-Cuong_NotesUITests.debug.xcconfig */,
				BEE7838794D725D7760A1D9B /* Pods-Cuong_Notes-Cuong_NotesUITests.release.xcconfig */,
				C0C88142A22B5142AF1EF0CB /* Pods-Cuong_NotesTests.debug.xcconfig */,
				4A9650AE125AB6EEF6A474CF /* Pods-Cuong_NotesTests.release.xcconfig */,
			);
			path = Pods;
			sourceTree = "<group>";
		};
		7F43C248E90A691670DB8C1F /* Frameworks */ = {
			isa = PBXGroup;
			children = (
				A0275B24C88F0B5FCE58B9D6 /* Pods_Cuong_Notes.framework */,
				727C6B68BADEF1747A3C8A9E /* Pods_Cuong_Notes_Cuong_NotesUITests.framework */,
				8E20ACBE2F2D46D1B8AB4006 /* Pods_Cuong_NotesTests.framework */,
			);
			name = Frameworks;
			sourceTree = "<group>";
		};
		FA6C72562B46629D00FF1BE2 /* Endpoints */ = {
			isa = PBXGroup;
			children = (
				FA6C72572B4662C300FF1BE2 /* UserFirebaseEndpoint.swift */,
			);
			path = Endpoints;
			sourceTree = "<group>";
		};
		FA6C725C2B467B6B00FF1BE2 /* UserListNode */ = {
			isa = PBXGroup;
			children = (
				FA6C725D2B467B9200FF1BE2 /* UserListNodeView.swift */,
			);
			path = UserListNode;
			sourceTree = "<group>";
		};
		FA6C725F2B469BAA00FF1BE2 /* Components */ = {
			isa = PBXGroup;
			children = (
				FA6C72602B469BC000FF1BE2 /* ActivityIndicatorView.swift */,
			);
			path = Components;
			sourceTree = "<group>";
		};
		FA6C72682B46ABC700FF1BE2 /* AppState */ = {
			isa = PBXGroup;
			children = (
				FA6C72692B46ABD100FF1BE2 /* AppState.swift */,
			);
			path = AppState;
			sourceTree = "<group>";
		};
		FA71DD292B44FAF7001AF3A4 = {
			isa = PBXGroup;
			children = (
				FA71DD342B44FAF8001AF3A4 /* Cuong_Notes */,
				FA71DD462B44FAF9001AF3A4 /* Cuong_NotesTests */,
				FA71DD502B44FAF9001AF3A4 /* Cuong_NotesUITests */,
				FA71DD332B44FAF8001AF3A4 /* Products */,
				235E9B4C7BE9DE6C836B9DAD /* Pods */,
				7F43C248E90A691670DB8C1F /* Frameworks */,
			);
			sourceTree = "<group>";
		};
		FA71DD332B44FAF8001AF3A4 /* Products */ = {
			isa = PBXGroup;
			children = (
				FA71DD322B44FAF8001AF3A4 /* Cuong_Notes.app */,
				FA71DD432B44FAF9001AF3A4 /* Cuong_NotesTests.xctest */,
				FA71DD4D2B44FAF9001AF3A4 /* Cuong_NotesUITests.xctest */,
			);
			name = Products;
			sourceTree = "<group>";
		};
		FA71DD342B44FAF8001AF3A4 /* Cuong_Notes */ = {
			isa = PBXGroup;
			children = (
				FAEFFDBC2B47B9630060F6FD /* Cuong-Notes-Info.plist */,
				FA6C72682B46ABC700FF1BE2 /* AppState */,
				FA6C72522B46600800FF1BE2 /* GoogleService-Info.plist */,
				FACBC0FA2B45683A003E5BF2 /* Firebase */,
				FACBC0EE2B4551A0003E5BF2 /* Domain */,
				FACBC0EA2B4550A0003E5BF2 /* Data */,
				FACBC0E52B453D0C003E5BF2 /* Extension */,
				FA6C725F2B469BAA00FF1BE2 /* Components */,
				FACBC0E02B4537AC003E5BF2 /* UserName */,
				FA6C725C2B467B6B00FF1BE2 /* UserListNode */,
				FA8AACE82B4501E600194106 /* AppDelegate.swift */,
				FA71DD352B44FAF8001AF3A4 /* Cuong_NotesApp.swift */,
				FA71DD372B44FAF8001AF3A4 /* ContentView.swift */,
				FA71DD392B44FAF9001AF3A4 /* Assets.xcassets */,
				FA71DD3B2B44FAF9001AF3A4 /* Cuong_Notes.entitlements */,
				FA71DD3C2B44FAF9001AF3A4 /* Preview Content */,
			);
			path = Cuong_Notes;
			sourceTree = "<group>";
		};
		FA71DD3C2B44FAF9001AF3A4 /* Preview Content */ = {
			isa = PBXGroup;
			children = (
				FA71DD3D2B44FAF9001AF3A4 /* Preview Assets.xcassets */,
			);
			path = "Preview Content";
			sourceTree = "<group>";
		};
		FA71DD462B44FAF9001AF3A4 /* Cuong_NotesTests */ = {
			isa = PBXGroup;
			children = (
				FA71DD472B44FAF9001AF3A4 /* Cuong_NotesTests.swift */,
			);
			path = Cuong_NotesTests;
			sourceTree = "<group>";
		};
		FA71DD502B44FAF9001AF3A4 /* Cuong_NotesUITests */ = {
			isa = PBXGroup;
			children = (
				FA71DD512B44FAF9001AF3A4 /* Cuong_NotesUITests.swift */,
				FA71DD532B44FAF9001AF3A4 /* Cuong_NotesUITestsLaunchTests.swift */,
			);
			path = Cuong_NotesUITests;
			sourceTree = "<group>";
		};
		FACBC0E02B4537AC003E5BF2 /* UserName */ = {
			isa = PBXGroup;
			children = (
				FACBC0E12B453B39003E5BF2 /* UserNameView.swift */,
				FACBC0E32B453B40003E5BF2 /* UserNameViewModel.swift */,
			);
			path = UserName;
			sourceTree = "<group>";
		};
		FACBC0E52B453D0C003E5BF2 /* Extension */ = {
			isa = PBXGroup;
			children = (
				FACBC0E62B453D1B003E5BF2 /* Color+Ext.swift */,
				FACBC0E82B453DE6003E5BF2 /* View+Ext.swift */,
				FACBC0FF2B459E15003E5BF2 /* NSDictionary+Ext.swift */,
				FACBC1012B459E5B003E5BF2 /* Encodable+Ext.swift */,
				FACBC1052B459E95003E5BF2 /* NSArray+Ext.swift */,
			);
			path = Extension;
			sourceTree = "<group>";
		};
		FACBC0EA2B4550A0003E5BF2 /* Data */ = {
			isa = PBXGroup;
			children = (
				FA6C72562B46629D00FF1BE2 /* Endpoints */,
				FACBC0EB2B455115003E5BF2 /* Reposities */,
			);
			path = Data;
			sourceTree = "<group>";
		};
		FACBC0EB2B455115003E5BF2 /* Reposities */ = {
			isa = PBXGroup;
			children = (
				FA6C72542B46618400FF1BE2 /* FirebaseUserReposity.swift */,
			);
			path = Reposities;
			sourceTree = "<group>";
		};
		FACBC0EE2B4551A0003E5BF2 /* Domain */ = {
			isa = PBXGroup;
			children = (
				FACBC0F12B4551D0003E5BF2 /* Reposities */,
				FACBC0F02B4551BF003E5BF2 /* Models */,
				FACBC0EF2B4551AA003E5BF2 /* UseCases */,
			);
			path = Domain;
			sourceTree = "<group>";
		};
		FACBC0EF2B4551AA003E5BF2 /* UseCases */ = {
			isa = PBXGroup;
			children = (
				FACBC0F82B4555F2003E5BF2 /* GetUserInfoUseCase.swift */,
				FA6C72592B4668E000FF1BE2 /* RegisterUserUseCase.swift */,
			);
			path = UseCases;
			sourceTree = "<group>";
		};
		FACBC0F02B4551BF003E5BF2 /* Models */ = {
			isa = PBXGroup;
			children = (
				FACBC0F62B455541003E5BF2 /* UserModel.swift */,
			);
			path = Models;
			sourceTree = "<group>";
		};
		FACBC0F12B4551D0003E5BF2 /* Reposities */ = {
			isa = PBXGroup;
			children = (
				FACBC0F22B4551E3003E5BF2 /* UserReposity.swift */,
			);
			path = Reposities;
			sourceTree = "<group>";
		};
		FACBC0FA2B45683A003E5BF2 /* Firebase */ = {
			isa = PBXGroup;
			children = (
				FACBC0FB2B456845003E5BF2 /* FirebaseDatabaseManager.swift */,
				FACBC0FD2B4568DB003E5BF2 /* FirebaseDatabaseEndpoint.swift */,
			);
			path = Firebase;
			sourceTree = "<group>";
		};
/* End PBXGroup section */

/* Begin PBXNativeTarget section */
		FA71DD312B44FAF8001AF3A4 /* Cuong_Notes */ = {
			isa = PBXNativeTarget;
			buildConfigurationList = FA71DD572B44FAF9001AF3A4 /* Build configuration list for PBXNativeTarget "Cuong_Notes" */;
			buildPhases = (
				9598A0744AD352E6801069D2 /* [CP] Check Pods Manifest.lock */,
				FA71DD2E2B44FAF8001AF3A4 /* Sources */,
				FA71DD2F2B44FAF8001AF3A4 /* Frameworks */,
				FA71DD302B44FAF8001AF3A4 /* Resources */,
				2C31D95688152072A2577CFC /* [CP] Embed Pods Frameworks */,
			);
			buildRules = (
			);
			dependencies = (
			);
			name = Cuong_Notes;
			productName = Cuong_Notes;
			productReference = FA71DD322B44FAF8001AF3A4 /* Cuong_Notes.app */;
			productType = "com.apple.product-type.application";
		};
		FA71DD422B44FAF9001AF3A4 /* Cuong_NotesTests */ = {
			isa = PBXNativeTarget;
			buildConfigurationList = FA71DD5A2B44FAF9001AF3A4 /* Build configuration list for PBXNativeTarget "Cuong_NotesTests" */;
			buildPhases = (
				D90E5CD861BE73FE0024B9DC /* [CP] Check Pods Manifest.lock */,
				FA71DD3F2B44FAF9001AF3A4 /* Sources */,
				FA71DD402B44FAF9001AF3A4 /* Frameworks */,
				FA71DD412B44FAF9001AF3A4 /* Resources */,
			);
			buildRules = (
			);
			dependencies = (
				FA71DD452B44FAF9001AF3A4 /* PBXTargetDependency */,
			);
			name = Cuong_NotesTests;
			productName = Cuong_NotesTests;
			productReference = FA71DD432B44FAF9001AF3A4 /* Cuong_NotesTests.xctest */;
			productType = "com.apple.product-type.bundle.unit-test";
		};
		FA71DD4C2B44FAF9001AF3A4 /* Cuong_NotesUITests */ = {
			isa = PBXNativeTarget;
			buildConfigurationList = FA71DD5D2B44FAF9001AF3A4 /* Build configuration list for PBXNativeTarget "Cuong_NotesUITests" */;
			buildPhases = (
				FBC47125401C7FE02539E137 /* [CP] Check Pods Manifest.lock */,
				FA71DD492B44FAF9001AF3A4 /* Sources */,
				FA71DD4A2B44FAF9001AF3A4 /* Frameworks */,
				FA71DD4B2B44FAF9001AF3A4 /* Resources */,
				E1AD08931298916C1C62B274 /* [CP] Embed Pods Frameworks */,
			);
			buildRules = (
			);
			dependencies = (
				FA71DD4F2B44FAF9001AF3A4 /* PBXTargetDependency */,
			);
			name = Cuong_NotesUITests;
			productName = Cuong_NotesUITests;
			productReference = FA71DD4D2B44FAF9001AF3A4 /* Cuong_NotesUITests.xctest */;
			productType = "com.apple.product-type.bundle.ui-testing";
		};
/* End PBXNativeTarget section */

/* Begin PBXProject section */
		FA71DD2A2B44FAF7001AF3A4 /* Project object */ = {
			isa = PBXProject;
			attributes = {
				BuildIndependentTargetsInParallel = 1;
				LastSwiftUpdateCheck = 1430;
				LastUpgradeCheck = 1430;
				TargetAttributes = {
					FA71DD312B44FAF8001AF3A4 = {
						CreatedOnToolsVersion = 14.3.1;
					};
					FA71DD422B44FAF9001AF3A4 = {
						CreatedOnToolsVersion = 14.3.1;
						TestTargetID = FA71DD312B44FAF8001AF3A4;
					};
					FA71DD4C2B44FAF9001AF3A4 = {
						CreatedOnToolsVersion = 14.3.1;
						TestTargetID = FA71DD312B44FAF8001AF3A4;
					};
				};
			};
			buildConfigurationList = FA71DD2D2B44FAF8001AF3A4 /* Build configuration list for PBXProject "Cuong_Notes" */;
			compatibilityVersion = "Xcode 14.0";
			developmentRegion = en;
			hasScannedForEncodings = 0;
			knownRegions = (
				en,
				Base,
			);
			mainGroup = FA71DD292B44FAF7001AF3A4;
			productRefGroup = FA71DD332B44FAF8001AF3A4 /* Products */;
			projectDirPath = "";
			projectRoot = "";
			targets = (
				FA71DD312B44FAF8001AF3A4 /* Cuong_Notes */,
				FA71DD422B44FAF9001AF3A4 /* Cuong_NotesTests */,
				FA71DD4C2B44FAF9001AF3A4 /* Cuong_NotesUITests */,
			);
		};
/* End PBXProject section */

/* Begin PBXResourcesBuildPhase section */
		FA71DD302B44FAF8001AF3A4 /* Resources */ = {
			isa = PBXResourcesBuildPhase;
			buildActionMask = 2147483647;
			files = (
				FA71DD3E2B44FAF9001AF3A4 /* Preview Assets.xcassets in Resources */,
				FA6C72532B46600800FF1BE2 /* GoogleService-Info.plist in Resources */,
				FA71DD3A2B44FAF9001AF3A4 /* Assets.xcassets in Resources */,
			);
			runOnlyForDeploymentPostprocessing = 0;
		};
		FA71DD412B44FAF9001AF3A4 /* Resources */ = {
			isa = PBXResourcesBuildPhase;
			buildActionMask = 2147483647;
			files = (
			);
			runOnlyForDeploymentPostprocessing = 0;
		};
		FA71DD4B2B44FAF9001AF3A4 /* Resources */ = {
			isa = PBXResourcesBuildPhase;
			buildActionMask = 2147483647;
			files = (
			);
			runOnlyForDeploymentPostprocessing = 0;
		};
/* End PBXResourcesBuildPhase section */

/* Begin PBXShellScriptBuildPhase section */
		2C31D95688152072A2577CFC /* [CP] Embed Pods Frameworks */ = {
			isa = PBXShellScriptBuildPhase;
			buildActionMask = 2147483647;
			files = (
			);
			inputFileListPaths = (
				"${PODS_ROOT}/Target Support Files/Pods-Cuong_Notes/Pods-Cuong_Notes-frameworks-${CONFIGURATION}-input-files.xcfilelist",
			);
			name = "[CP] Embed Pods Frameworks";
			outputFileListPaths = (
				"${PODS_ROOT}/Target Support Files/Pods-Cuong_Notes/Pods-Cuong_Notes-frameworks-${CONFIGURATION}-output-files.xcfilelist",
			);
			runOnlyForDeploymentPostprocessing = 0;
			shellPath = /bin/sh;
			shellScript = "\"${PODS_ROOT}/Target Support Files/Pods-Cuong_Notes/Pods-Cuong_Notes-frameworks.sh\"\n";
			showEnvVarsInLog = 0;
		};
		9598A0744AD352E6801069D2 /* [CP] Check Pods Manifest.lock */ = {
			isa = PBXShellScriptBuildPhase;
			buildActionMask = 2147483647;
			files = (
			);
			inputFileListPaths = (
			);
			inputPaths = (
				"${PODS_PODFILE_DIR_PATH}/Podfile.lock",
				"${PODS_ROOT}/Manifest.lock",
			);
			name = "[CP] Check Pods Manifest.lock";
			outputFileListPaths = (
			);
			outputPaths = (
				"$(DERIVED_FILE_DIR)/Pods-Cuong_Notes-checkManifestLockResult.txt",
			);
			runOnlyForDeploymentPostprocessing = 0;
			shellPath = /bin/sh;
			shellScript = "diff \"${PODS_PODFILE_DIR_PATH}/Podfile.lock\" \"${PODS_ROOT}/Manifest.lock\" > /dev/null\nif [ $? != 0 ] ; then\n    # print error to STDERR\n    echo \"error: The sandbox is not in sync with the Podfile.lock. Run 'pod install' or update your CocoaPods installation.\" >&2\n    exit 1\nfi\n# This output is used by Xcode 'outputs' to avoid re-running this script phase.\necho \"SUCCESS\" > \"${SCRIPT_OUTPUT_FILE_0}\"\n";
			showEnvVarsInLog = 0;
		};
		D90E5CD861BE73FE0024B9DC /* [CP] Check Pods Manifest.lock */ = {
			isa = PBXShellScriptBuildPhase;
			buildActionMask = 2147483647;
			files = (
			);
			inputFileListPaths = (
			);
			inputPaths = (
				"${PODS_PODFILE_DIR_PATH}/Podfile.lock",
				"${PODS_ROOT}/Manifest.lock",
			);
			name = "[CP] Check Pods Manifest.lock";
			outputFileListPaths = (
			);
			outputPaths = (
				"$(DERIVED_FILE_DIR)/Pods-Cuong_NotesTests-checkManifestLockResult.txt",
			);
			runOnlyForDeploymentPostprocessing = 0;
			shellPath = /bin/sh;
			shellScript = "diff \"${PODS_PODFILE_DIR_PATH}/Podfile.lock\" \"${PODS_ROOT}/Manifest.lock\" > /dev/null\nif [ $? != 0 ] ; then\n    # print error to STDERR\n    echo \"error: The sandbox is not in sync with the Podfile.lock. Run 'pod install' or update your CocoaPods installation.\" >&2\n    exit 1\nfi\n# This output is used by Xcode 'outputs' to avoid re-running this script phase.\necho \"SUCCESS\" > \"${SCRIPT_OUTPUT_FILE_0}\"\n";
			showEnvVarsInLog = 0;
		};
		E1AD08931298916C1C62B274 /* [CP] Embed Pods Frameworks */ = {
			isa = PBXShellScriptBuildPhase;
			buildActionMask = 2147483647;
			files = (
			);
			inputFileListPaths = (
				"${PODS_ROOT}/Target Support Files/Pods-Cuong_Notes-Cuong_NotesUITests/Pods-Cuong_Notes-Cuong_NotesUITests-frameworks-${CONFIGURATION}-input-files.xcfilelist",
			);
			name = "[CP] Embed Pods Frameworks";
			outputFileListPaths = (
				"${PODS_ROOT}/Target Support Files/Pods-Cuong_Notes-Cuong_NotesUITests/Pods-Cuong_Notes-Cuong_NotesUITests-frameworks-${CONFIGURATION}-output-files.xcfilelist",
			);
			runOnlyForDeploymentPostprocessing = 0;
			shellPath = /bin/sh;
			shellScript = "\"${PODS_ROOT}/Target Support Files/Pods-Cuong_Notes-Cuong_NotesUITests/Pods-Cuong_Notes-Cuong_NotesUITests-frameworks.sh\"\n";
			showEnvVarsInLog = 0;
		};
		FBC47125401C7FE02539E137 /* [CP] Check Pods Manifest.lock */ = {
			isa = PBXShellScriptBuildPhase;
			buildActionMask = 2147483647;
			files = (
			);
			inputFileListPaths = (
			);
			inputPaths = (
				"${PODS_PODFILE_DIR_PATH}/Podfile.lock",
				"${PODS_ROOT}/Manifest.lock",
			);
			name = "[CP] Check Pods Manifest.lock";
			outputFileListPaths = (
			);
			outputPaths = (
				"$(DERIVED_FILE_DIR)/Pods-Cuong_Notes-Cuong_NotesUITests-checkManifestLockResult.txt",
			);
			runOnlyForDeploymentPostprocessing = 0;
			shellPath = /bin/sh;
			shellScript = "diff \"${PODS_PODFILE_DIR_PATH}/Podfile.lock\" \"${PODS_ROOT}/Manifest.lock\" > /dev/null\nif [ $? != 0 ] ; then\n    # print error to STDERR\n    echo \"error: The sandbox is not in sync with the Podfile.lock. Run 'pod install' or update your CocoaPods installation.\" >&2\n    exit 1\nfi\n# This output is used by Xcode 'outputs' to avoid re-running this script phase.\necho \"SUCCESS\" > \"${SCRIPT_OUTPUT_FILE_0}\"\n";
			showEnvVarsInLog = 0;
		};
/* End PBXShellScriptBuildPhase section */

/* Begin PBXSourcesBuildPhase section */
		FA71DD2E2B44FAF8001AF3A4 /* Sources */ = {
			isa = PBXSourcesBuildPhase;
			buildActionMask = 2147483647;
			files = (
				FACBC0E92B453DE6003E5BF2 /* View+Ext.swift in Sources */,
				FACBC1022B459E5B003E5BF2 /* Encodable+Ext.swift in Sources */,
				FACBC0F32B4551E3003E5BF2 /* UserReposity.swift in Sources */,
				FACBC0E42B453B40003E5BF2 /* UserNameViewModel.swift in Sources */,
				FA6C72552B46618400FF1BE2 /* FirebaseUserReposity.swift in Sources */,
				FACBC0F92B4555F2003E5BF2 /* GetUserInfoUseCase.swift in Sources */,
				FACBC0FE2B4568DB003E5BF2 /* FirebaseDatabaseEndpoint.swift in Sources */,
				FA6C725E2B467B9200FF1BE2 /* UserListNodeView.swift in Sources */,
				FA6C726A2B46ABD100FF1BE2 /* AppState.swift in Sources */,
				FACBC0E22B453B39003E5BF2 /* UserNameView.swift in Sources */,
				FA8AACE92B4501E600194106 /* AppDelegate.swift in Sources */,
				FACBC1062B459E95003E5BF2 /* NSArray+Ext.swift in Sources */,
				FA6C72612B469BC000FF1BE2 /* ActivityIndicatorView.swift in Sources */,
				FACBC1002B459E15003E5BF2 /* NSDictionary+Ext.swift in Sources */,
				FA6C72582B4662C300FF1BE2 /* UserFirebaseEndpoint.swift in Sources */,
				FA71DD382B44FAF8001AF3A4 /* ContentView.swift in Sources */,
				FA6C725A2B4668E000FF1BE2 /* RegisterUserUseCase.swift in Sources */,
				FA71DD362B44FAF8001AF3A4 /* Cuong_NotesApp.swift in Sources */,
				FACBC0F72B455541003E5BF2 /* UserModel.swift in Sources */,
				FACBC0E72B453D1B003E5BF2 /* Color+Ext.swift in Sources */,
				FACBC0FC2B456845003E5BF2 /* FirebaseDatabaseManager.swift in Sources */,
			);
			runOnlyForDeploymentPostprocessing = 0;
		};
		FA71DD3F2B44FAF9001AF3A4 /* Sources */ = {
			isa = PBXSourcesBuildPhase;
			buildActionMask = 2147483647;
			files = (
				FA71DD482B44FAF9001AF3A4 /* Cuong_NotesTests.swift in Sources */,
			);
			runOnlyForDeploymentPostprocessing = 0;
		};
		FA71DD492B44FAF9001AF3A4 /* Sources */ = {
			isa = PBXSourcesBuildPhase;
			buildActionMask = 2147483647;
			files = (
				FA71DD522B44FAF9001AF3A4 /* Cuong_NotesUITests.swift in Sources */,
				FA71DD542B44FAF9001AF3A4 /* Cuong_NotesUITestsLaunchTests.swift in Sources */,
			);
			runOnlyForDeploymentPostprocessing = 0;
		};
/* End PBXSourcesBuildPhase section */

/* Begin PBXTargetDependency section */
		FA71DD452B44FAF9001AF3A4 /* PBXTargetDependency */ = {
			isa = PBXTargetDependency;
			target = FA71DD312B44FAF8001AF3A4 /* Cuong_Notes */;
			targetProxy = FA71DD442B44FAF9001AF3A4 /* PBXContainerItemProxy */;
		};
		FA71DD4F2B44FAF9001AF3A4 /* PBXTargetDependency */ = {
			isa = PBXTargetDependency;
			target = FA71DD312B44FAF8001AF3A4 /* Cuong_Notes */;
			targetProxy = FA71DD4E2B44FAF9001AF3A4 /* PBXContainerItemProxy */;
		};
/* End PBXTargetDependency section */

/* Begin XCBuildConfiguration section */
		FA71DD552B44FAF9001AF3A4 /* Debug */ = {
			isa = XCBuildConfiguration;
			buildSettings = {
				ALWAYS_SEARCH_USER_PATHS = NO;
				CLANG_ANALYZER_NONNULL = YES;
				CLANG_ANALYZER_NUMBER_OBJECT_CONVERSION = YES_AGGRESSIVE;
				CLANG_CXX_LANGUAGE_STANDARD = "gnu++20";
				CLANG_ENABLE_MODULES = YES;
				CLANG_ENABLE_OBJC_ARC = YES;
				CLANG_ENABLE_OBJC_WEAK = YES;
				CLANG_WARN_BLOCK_CAPTURE_AUTORELEASING = YES;
				CLANG_WARN_BOOL_CONVERSION = YES;
				CLANG_WARN_COMMA = YES;
				CLANG_WARN_CONSTANT_CONVERSION = YES;
				CLANG_WARN_DEPRECATED_OBJC_IMPLEMENTATIONS = YES;
				CLANG_WARN_DIRECT_OBJC_ISA_USAGE = YES_ERROR;
				CLANG_WARN_DOCUMENTATION_COMMENTS = YES;
				CLANG_WARN_EMPTY_BODY = YES;
				CLANG_WARN_ENUM_CONVERSION = YES;
				CLANG_WARN_INFINITE_RECURSION = YES;
				CLANG_WARN_INT_CONVERSION = YES;
				CLANG_WARN_NON_LITERAL_NULL_CONVERSION = YES;
				CLANG_WARN_OBJC_IMPLICIT_RETAIN_SELF = YES;
				CLANG_WARN_OBJC_LITERAL_CONVERSION = YES;
				CLANG_WARN_OBJC_ROOT_CLASS = YES_ERROR;
				CLANG_WARN_QUOTED_INCLUDE_IN_FRAMEWORK_HEADER = YES;
				CLANG_WARN_RANGE_LOOP_ANALYSIS = YES;
				CLANG_WARN_STRICT_PROTOTYPES = YES;
				CLANG_WARN_SUSPICIOUS_MOVE = YES;
				CLANG_WARN_UNGUARDED_AVAILABILITY = YES_AGGRESSIVE;
				CLANG_WARN_UNREACHABLE_CODE = YES;
				CLANG_WARN__DUPLICATE_METHOD_MATCH = YES;
				COPY_PHASE_STRIP = NO;
				DEBUG_INFORMATION_FORMAT = dwarf;
				ENABLE_STRICT_OBJC_MSGSEND = YES;
				ENABLE_TESTABILITY = YES;
				GCC_C_LANGUAGE_STANDARD = gnu11;
				GCC_DYNAMIC_NO_PIC = NO;
				GCC_NO_COMMON_BLOCKS = YES;
				GCC_OPTIMIZATION_LEVEL = 0;
				GCC_PREPROCESSOR_DEFINITIONS = (
					"DEBUG=1",
					"$(inherited)",
				);
				GCC_WARN_64_TO_32_BIT_CONVERSION = YES;
				GCC_WARN_ABOUT_RETURN_TYPE = YES_ERROR;
				GCC_WARN_UNDECLARED_SELECTOR = YES;
				GCC_WARN_UNINITIALIZED_AUTOS = YES_AGGRESSIVE;
				GCC_WARN_UNUSED_FUNCTION = YES;
				GCC_WARN_UNUSED_VARIABLE = YES;
				MTL_ENABLE_DEBUG_INFO = INCLUDE_SOURCE;
				MTL_FAST_MATH = YES;
				ONLY_ACTIVE_ARCH = YES;
				SWIFT_ACTIVE_COMPILATION_CONDITIONS = DEBUG;
				SWIFT_OPTIMIZATION_LEVEL = "-Onone";
			};
			name = Debug;
		};
		FA71DD562B44FAF9001AF3A4 /* Release */ = {
			isa = XCBuildConfiguration;
			buildSettings = {
				ALWAYS_SEARCH_USER_PATHS = NO;
				CLANG_ANALYZER_NONNULL = YES;
				CLANG_ANALYZER_NUMBER_OBJECT_CONVERSION = YES_AGGRESSIVE;
				CLANG_CXX_LANGUAGE_STANDARD = "gnu++20";
				CLANG_ENABLE_MODULES = YES;
				CLANG_ENABLE_OBJC_ARC = YES;
				CLANG_ENABLE_OBJC_WEAK = YES;
				CLANG_WARN_BLOCK_CAPTURE_AUTORELEASING = YES;
				CLANG_WARN_BOOL_CONVERSION = YES;
				CLANG_WARN_COMMA = YES;
				CLANG_WARN_CONSTANT_CONVERSION = YES;
				CLANG_WARN_DEPRECATED_OBJC_IMPLEMENTATIONS = YES;
				CLANG_WARN_DIRECT_OBJC_ISA_USAGE = YES_ERROR;
				CLANG_WARN_DOCUMENTATION_COMMENTS = YES;
				CLANG_WARN_EMPTY_BODY = YES;
				CLANG_WARN_ENUM_CONVERSION = YES;
				CLANG_WARN_INFINITE_RECURSION = YES;
				CLANG_WARN_INT_CONVERSION = YES;
				CLANG_WARN_NON_LITERAL_NULL_CONVERSION = YES;
				CLANG_WARN_OBJC_IMPLICIT_RETAIN_SELF = YES;
				CLANG_WARN_OBJC_LITERAL_CONVERSION = YES;
				CLANG_WARN_OBJC_ROOT_CLASS = YES_ERROR;
				CLANG_WARN_QUOTED_INCLUDE_IN_FRAMEWORK_HEADER = YES;
				CLANG_WARN_RANGE_LOOP_ANALYSIS = YES;
				CLANG_WARN_STRICT_PROTOTYPES = YES;
				CLANG_WARN_SUSPICIOUS_MOVE = YES;
				CLANG_WARN_UNGUARDED_AVAILABILITY = YES_AGGRESSIVE;
				CLANG_WARN_UNREACHABLE_CODE = YES;
				CLANG_WARN__DUPLICATE_METHOD_MATCH = YES;
				COPY_PHASE_STRIP = NO;
				DEBUG_INFORMATION_FORMAT = "dwarf-with-dsym";
				ENABLE_NS_ASSERTIONS = NO;
				ENABLE_STRICT_OBJC_MSGSEND = YES;
				GCC_C_LANGUAGE_STANDARD = gnu11;
				GCC_NO_COMMON_BLOCKS = YES;
				GCC_WARN_64_TO_32_BIT_CONVERSION = YES;
				GCC_WARN_ABOUT_RETURN_TYPE = YES_ERROR;
				GCC_WARN_UNDECLARED_SELECTOR = YES;
				GCC_WARN_UNINITIALIZED_AUTOS = YES_AGGRESSIVE;
				GCC_WARN_UNUSED_FUNCTION = YES;
				GCC_WARN_UNUSED_VARIABLE = YES;
				MTL_ENABLE_DEBUG_INFO = NO;
				MTL_FAST_MATH = YES;
				SWIFT_COMPILATION_MODE = wholemodule;
				SWIFT_OPTIMIZATION_LEVEL = "-O";
			};
			name = Release;
		};
		FA71DD582B44FAF9001AF3A4 /* Debug */ = {
			isa = XCBuildConfiguration;
			baseConfigurationReference = F9BA0E59159084C808E7A3C1 /* Pods-Cuong_Notes.debug.xcconfig */;
			buildSettings = {
				ASSETCATALOG_COMPILER_APPICON_NAME = AppIcon;
				ASSETCATALOG_COMPILER_GLOBAL_ACCENT_COLOR_NAME = AccentColor;
				CODE_SIGN_ENTITLEMENTS = Cuong_Notes/Cuong_Notes.entitlements;
				CODE_SIGN_STYLE = Automatic;
				CURRENT_PROJECT_VERSION = 1;
				DEVELOPMENT_ASSET_PATHS = "\"Cuong_Notes/Preview Content\"";
				DEVELOPMENT_TEAM = FGKAKJ775H;
				ENABLE_HARDENED_RUNTIME = YES;
				ENABLE_PREVIEWS = YES;
				GENERATE_INFOPLIST_FILE = YES;
				INFOPLIST_FILE = "Cuong-Notes-Info.plist";
				"INFOPLIST_KEY_UIApplicationSceneManifest_Generation[sdk=iphoneos*]" = YES;
				"INFOPLIST_KEY_UIApplicationSceneManifest_Generation[sdk=iphonesimulator*]" = YES;
				"INFOPLIST_KEY_UIApplicationSupportsIndirectInputEvents[sdk=iphoneos*]" = YES;
				"INFOPLIST_KEY_UIApplicationSupportsIndirectInputEvents[sdk=iphonesimulator*]" = YES;
				"INFOPLIST_KEY_UILaunchScreen_Generation[sdk=iphoneos*]" = YES;
				"INFOPLIST_KEY_UILaunchScreen_Generation[sdk=iphonesimulator*]" = YES;
				INFOPLIST_KEY_UILaunchStoryboardName = "";
				"INFOPLIST_KEY_UIStatusBarStyle[sdk=iphoneos*]" = UIStatusBarStyleDefault;
				"INFOPLIST_KEY_UIStatusBarStyle[sdk=iphonesimulator*]" = UIStatusBarStyleDefault;
				INFOPLIST_KEY_UISupportedInterfaceOrientations_iPad = "UIInterfaceOrientationPortrait UIInterfaceOrientationPortraitUpsideDown UIInterfaceOrientationLandscapeLeft UIInterfaceOrientationLandscapeRight";
				INFOPLIST_KEY_UISupportedInterfaceOrientations_iPhone = "UIInterfaceOrientationPortrait UIInterfaceOrientationLandscapeLeft UIInterfaceOrientationLandscapeRight";
				IPHONEOS_DEPLOYMENT_TARGET = 16.4;
				LD_RUNPATH_SEARCH_PATHS = "@executable_path/Frameworks";
				"LD_RUNPATH_SEARCH_PATHS[sdk=macosx*]" = "@executable_path/../Frameworks";
				MACOSX_DEPLOYMENT_TARGET = 13.3;
				MARKETING_VERSION = 1.0;
				PRODUCT_BUNDLE_IDENTIFIER = "cuong.Cuong-Notes";
				PRODUCT_NAME = "$(TARGET_NAME)";
				SDKROOT = auto;
				SUPPORTED_PLATFORMS = "iphoneos iphonesimulator macosx";
				SWIFT_EMIT_LOC_STRINGS = YES;
				SWIFT_VERSION = 5.0;
				TARGETED_DEVICE_FAMILY = "1,2";
			};
			name = Debug;
		};
		FA71DD592B44FAF9001AF3A4 /* Release */ = {
			isa = XCBuildConfiguration;
			baseConfigurationReference = EA55C9CB0BC33C8B2BD6D669 /* Pods-Cuong_Notes.release.xcconfig */;
			buildSettings = {
				ASSETCATALOG_COMPILER_APPICON_NAME = AppIcon;
				ASSETCATALOG_COMPILER_GLOBAL_ACCENT_COLOR_NAME = AccentColor;
				CODE_SIGN_ENTITLEMENTS = Cuong_Notes/Cuong_Notes.entitlements;
				CODE_SIGN_STYLE = Automatic;
				CURRENT_PROJECT_VERSION = 1;
				DEVELOPMENT_ASSET_PATHS = "\"Cuong_Notes/Preview Content\"";
				DEVELOPMENT_TEAM = FGKAKJ775H;
				ENABLE_HARDENED_RUNTIME = YES;
				ENABLE_PREVIEWS = YES;
				GENERATE_INFOPLIST_FILE = YES;
				INFOPLIST_FILE = "Cuong-Notes-Info.plist";
				"INFOPLIST_KEY_UIApplicationSceneManifest_Generation[sdk=iphoneos*]" = YES;
				"INFOPLIST_KEY_UIApplicationSceneManifest_Generation[sdk=iphonesimulator*]" = YES;
				"INFOPLIST_KEY_UIApplicationSupportsIndirectInputEvents[sdk=iphoneos*]" = YES;
				"INFOPLIST_KEY_UIApplicationSupportsIndirectInputEvents[sdk=iphonesimulator*]" = YES;
				"INFOPLIST_KEY_UILaunchScreen_Generation[sdk=iphoneos*]" = YES;
				"INFOPLIST_KEY_UILaunchScreen_Generation[sdk=iphonesimulator*]" = YES;
				INFOPLIST_KEY_UILaunchStoryboardName = "";
				"INFOPLIST_KEY_UIStatusBarStyle[sdk=iphoneos*]" = UIStatusBarStyleDefault;
				"INFOPLIST_KEY_UIStatusBarStyle[sdk=iphonesimulator*]" = UIStatusBarStyleDefault;
				INFOPLIST_KEY_UISupportedInterfaceOrientations_iPad = "UIInterfaceOrientationPortrait UIInterfaceOrientationPortraitUpsideDown UIInterfaceOrientationLandscapeLeft UIInterfaceOrientationLandscapeRight";
				INFOPLIST_KEY_UISupportedInterfaceOrientations_iPhone = "UIInterfaceOrientationPortrait UIInterfaceOrientationLandscapeLeft UIInterfaceOrientationLandscapeRight";
				IPHONEOS_DEPLOYMENT_TARGET = 16.4;
				LD_RUNPATH_SEARCH_PATHS = "@executable_path/Frameworks";
				"LD_RUNPATH_SEARCH_PATHS[sdk=macosx*]" = "@executable_path/../Frameworks";
				MACOSX_DEPLOYMENT_TARGET = 13.3;
				MARKETING_VERSION = 1.0;
				PRODUCT_BUNDLE_IDENTIFIER = "cuong.Cuong-Notes";
				PRODUCT_NAME = "$(TARGET_NAME)";
				SDKROOT = auto;
				SUPPORTED_PLATFORMS = "iphoneos iphonesimulator macosx";
				SWIFT_EMIT_LOC_STRINGS = YES;
				SWIFT_VERSION = 5.0;
				TARGETED_DEVICE_FAMILY = "1,2";
			};
			name = Release;
		};
		FA71DD5B2B44FAF9001AF3A4 /* Debug */ = {
			isa = XCBuildConfiguration;
			baseConfigurationReference = C0C88142A22B5142AF1EF0CB /* Pods-Cuong_NotesTests.debug.xcconfig */;
			buildSettings = {
				ALWAYS_EMBED_SWIFT_STANDARD_LIBRARIES = YES;
				BUNDLE_LOADER = "$(TEST_HOST)";
				CODE_SIGN_STYLE = Automatic;
				CURRENT_PROJECT_VERSION = 1;
				DEVELOPMENT_TEAM = FGKAKJ775H;
				GENERATE_INFOPLIST_FILE = YES;
				IPHONEOS_DEPLOYMENT_TARGET = 16.4;
				MACOSX_DEPLOYMENT_TARGET = 13.3;
				MARKETING_VERSION = 1.0;
				PRODUCT_BUNDLE_IDENTIFIER = "cuong.Cuong-NotesTests";
				PRODUCT_NAME = "$(TARGET_NAME)";
				SDKROOT = auto;
				SUPPORTED_PLATFORMS = "iphoneos iphonesimulator macosx";
				SWIFT_EMIT_LOC_STRINGS = NO;
				SWIFT_VERSION = 5.0;
				TARGETED_DEVICE_FAMILY = "1,2";
				TEST_HOST = "$(BUILT_PRODUCTS_DIR)/Cuong_Notes.app/$(BUNDLE_EXECUTABLE_FOLDER_PATH)/Cuong_Notes";
			};
			name = Debug;
		};
		FA71DD5C2B44FAF9001AF3A4 /* Release */ = {
			isa = XCBuildConfiguration;
			baseConfigurationReference = 4A9650AE125AB6EEF6A474CF /* Pods-Cuong_NotesTests.release.xcconfig */;
			buildSettings = {
				ALWAYS_EMBED_SWIFT_STANDARD_LIBRARIES = YES;
				BUNDLE_LOADER = "$(TEST_HOST)";
				CODE_SIGN_STYLE = Automatic;
				CURRENT_PROJECT_VERSION = 1;
				DEVELOPMENT_TEAM = FGKAKJ775H;
				GENERATE_INFOPLIST_FILE = YES;
				IPHONEOS_DEPLOYMENT_TARGET = 16.4;
				MACOSX_DEPLOYMENT_TARGET = 13.3;
				MARKETING_VERSION = 1.0;
				PRODUCT_BUNDLE_IDENTIFIER = "cuong.Cuong-NotesTests";
				PRODUCT_NAME = "$(TARGET_NAME)";
				SDKROOT = auto;
				SUPPORTED_PLATFORMS = "iphoneos iphonesimulator macosx";
				SWIFT_EMIT_LOC_STRINGS = NO;
				SWIFT_VERSION = 5.0;
				TARGETED_DEVICE_FAMILY = "1,2";
				TEST_HOST = "$(BUILT_PRODUCTS_DIR)/Cuong_Notes.app/$(BUNDLE_EXECUTABLE_FOLDER_PATH)/Cuong_Notes";
			};
			name = Release;
		};
		FA71DD5E2B44FAF9001AF3A4 /* Debug */ = {
			isa = XCBuildConfiguration;
			baseConfigurationReference = 9AE105A8EAF001A3C17B6AA1 /* Pods-Cuong_Notes-Cuong_NotesUITests.debug.xcconfig */;
			buildSettings = {
				ALWAYS_EMBED_SWIFT_STANDARD_LIBRARIES = YES;
				CODE_SIGN_STYLE = Automatic;
				CURRENT_PROJECT_VERSION = 1;
				DEVELOPMENT_TEAM = FGKAKJ775H;
				GENERATE_INFOPLIST_FILE = YES;
				IPHONEOS_DEPLOYMENT_TARGET = 16.4;
				MACOSX_DEPLOYMENT_TARGET = 13.3;
				MARKETING_VERSION = 1.0;
				PRODUCT_BUNDLE_IDENTIFIER = "cuong.Cuong-NotesUITests";
				PRODUCT_NAME = "$(TARGET_NAME)";
				SDKROOT = auto;
				SUPPORTED_PLATFORMS = "iphoneos iphonesimulator macosx";
				SWIFT_EMIT_LOC_STRINGS = NO;
				SWIFT_VERSION = 5.0;
				TARGETED_DEVICE_FAMILY = "1,2";
				TEST_TARGET_NAME = Cuong_Notes;
			};
			name = Debug;
		};
		FA71DD5F2B44FAF9001AF3A4 /* Release */ = {
			isa = XCBuildConfiguration;
			baseConfigurationReference = BEE7838794D725D7760A1D9B /* Pods-Cuong_Notes-Cuong_NotesUITests.release.xcconfig */;
			buildSettings = {
				ALWAYS_EMBED_SWIFT_STANDARD_LIBRARIES = YES;
				CODE_SIGN_STYLE = Automatic;
				CURRENT_PROJECT_VERSION = 1;
				DEVELOPMENT_TEAM = FGKAKJ775H;
				GENERATE_INFOPLIST_FILE = YES;
				IPHONEOS_DEPLOYMENT_TARGET = 16.4;
				MACOSX_DEPLOYMENT_TARGET = 13.3;
				MARKETING_VERSION = 1.0;
				PRODUCT_BUNDLE_IDENTIFIER = "cuong.Cuong-NotesUITests";
				PRODUCT_NAME = "$(TARGET_NAME)";
				SDKROOT = auto;
				SUPPORTED_PLATFORMS = "iphoneos iphonesimulator macosx";
				SWIFT_EMIT_LOC_STRINGS = NO;
				SWIFT_VERSION = 5.0;
				TARGETED_DEVICE_FAMILY = "1,2";
				TEST_TARGET_NAME = Cuong_Notes;
			};
			name = Release;
		};
/* End XCBuildConfiguration section */

/* Begin XCConfigurationList section */
		FA71DD2D2B44FAF8001AF3A4 /* Build configuration list for PBXProject "Cuong_Notes" */ = {
			isa = XCConfigurationList;
			buildConfigurations = (
				FA71DD552B44FAF9001AF3A4 /* Debug */,
				FA71DD562B44FAF9001AF3A4 /* Release */,
			);
			defaultConfigurationIsVisible = 0;
			defaultConfigurationName = Release;
		};
		FA71DD572B44FAF9001AF3A4 /* Build configuration list for PBXNativeTarget "Cuong_Notes" */ = {
			isa = XCConfigurationList;
			buildConfigurations = (
				FA71DD582B44FAF9001AF3A4 /* Debug */,
				FA71DD592B44FAF9001AF3A4 /* Release */,
			);
			defaultConfigurationIsVisible = 0;
			defaultConfigurationName = Release;
		};
		FA71DD5A2B44FAF9001AF3A4 /* Build configuration list for PBXNativeTarget "Cuong_NotesTests" */ = {
			isa = XCConfigurationList;
			buildConfigurations = (
				FA71DD5B2B44FAF9001AF3A4 /* Debug */,
				FA71DD5C2B44FAF9001AF3A4 /* Release */,
			);
			defaultConfigurationIsVisible = 0;
			defaultConfigurationName = Release;
		};
		FA71DD5D2B44FAF9001AF3A4 /* Build configuration list for PBXNativeTarget "Cuong_NotesUITests" */ = {
			isa = XCConfigurationList;
			buildConfigurations = (
				FA71DD5E2B44FAF9001AF3A4 /* Debug */,
				FA71DD5F2B44FAF9001AF3A4 /* Release */,
			);
			defaultConfigurationIsVisible = 0;
			defaultConfigurationName = Release;
		};
/* End XCConfigurationList section */
	};
	rootObject = FA71DD2A2B44FAF7001AF3A4 /* Project object */;
}
